// !$*UTF8*$!
{
	archiveVersion = 1;
	classes = {
	};
	objectVersion = 46;
	objects = {

/* Begin PBXBuildFile section */
		46F9D6D6BF0ABAD294BC1305 /* libPods-iOSDemoProjectUITests.a in Frameworks */ = {isa = PBXBuildFile; fileRef = B88B37794760E5D0B73E455F /* libPods-iOSDemoProjectUITests.a */; };
		76E1D7BE8A6B8BEC174F4718 /* libPods-iOSDemoProjectTests.a in Frameworks */ = {isa = PBXBuildFile; fileRef = E8C2062A250D0159D5DFD599 /* libPods-iOSDemoProjectTests.a */; };
		D35079EC2052650F00C7BF73 /* noImage.png in Resources */ = {isa = PBXBuildFile; fileRef = D35079EB2052650F00C7BF73 /* noImage.png */; };
		D35079EF2052A0F400C7BF73 /* TableViewCell.m in Sources */ = {isa = PBXBuildFile; fileRef = D35079EE2052A0F400C7BF73 /* TableViewCell.m */; };
		D3592C542060EF8100F826C1 /* TestCustomCell.m in Sources */ = {isa = PBXBuildFile; fileRef = D3592C532060EF8100F826C1 /* TestCustomCell.m */; };
		D3592C5D2061250C00F826C1 /* Reachability.m in Sources */ = {isa = PBXBuildFile; fileRef = D3592C5C2061250C00F826C1 /* Reachability.m */; };
		D3E4F4CC205136C700E403C7 /* main.m in Sources */ = {isa = PBXBuildFile; fileRef = D3E4F4CB205136C700E403C7 /* main.m */; };
		D3E4F4CF205136C700E403C7 /* AppDelegate.m in Sources */ = {isa = PBXBuildFile; fileRef = D3E4F4CE205136C700E403C7 /* AppDelegate.m */; };
		D3E4F4D2205136C700E403C7 /* ViewController.m in Sources */ = {isa = PBXBuildFile; fileRef = D3E4F4D1205136C700E403C7 /* ViewController.m */; };
		D3E4F4D5205136C700E403C7 /* Main.storyboard in Resources */ = {isa = PBXBuildFile; fileRef = D3E4F4D3205136C700E403C7 /* Main.storyboard */; };
		D3E4F4D7205136C700E403C7 /* Assets.xcassets in Resources */ = {isa = PBXBuildFile; fileRef = D3E4F4D6205136C700E403C7 /* Assets.xcassets */; };
		D3E4F4DA205136C700E403C7 /* LaunchScreen.storyboard in Resources */ = {isa = PBXBuildFile; fileRef = D3E4F4D8205136C700E403C7 /* LaunchScreen.storyboard */; };
		D3E4F4E5205136C700E403C7 /* iOSDemoProjectTests.m in Sources */ = {isa = PBXBuildFile; fileRef = D3E4F4E4205136C700E403C7 /* iOSDemoProjectTests.m */; };
		D3E4F4F0205136C700E403C7 /* iOSDemoProjectUITests.m in Sources */ = {isa = PBXBuildFile; fileRef = D3E4F4EF205136C700E403C7 /* iOSDemoProjectUITests.m */; };
		D3E4F4FE2051654700E403C7 /* jsonData.json in Resources */ = {isa = PBXBuildFile; fileRef = D3E4F4FD2051654700E403C7 /* jsonData.json */; };
		FB409EA091C7A4D631E82263 /* libPods-iOSDemoProject.a in Frameworks */ = {isa = PBXBuildFile; fileRef = 305BB2C32468EDE5C87E9EC8 /* libPods-iOSDemoProject.a */; };
/* End PBXBuildFile section */

/* Begin PBXContainerItemProxy section */
		D3E4F4E1205136C700E403C7 /* PBXContainerItemProxy */ = {
			isa = PBXContainerItemProxy;
			containerPortal = D3E4F4BF205136C600E403C7 /* Project object */;
			proxyType = 1;
			remoteGlobalIDString = D3E4F4C6205136C600E403C7;
			remoteInfo = iOSDemoProject;
		};
		D3E4F4EC205136C700E403C7 /* PBXContainerItemProxy */ = {
			isa = PBXContainerItemProxy;
			containerPortal = D3E4F4BF205136C600E403C7 /* Project object */;
			proxyType = 1;
			remoteGlobalIDString = D3E4F4C6205136C600E403C7;
			remoteInfo = iOSDemoProject;
		};
/* End PBXContainerItemProxy section */

/* Begin PBXFileReference section */
		2DDA3754166EEBF8A39CE3F3 /* Pods-iOSDemoProjectTests.release.xcconfig */ = {isa = PBXFileReference; includeInIndex = 1; lastKnownFileType = text.xcconfig; name = "Pods-iOSDemoProjectTests.release.xcconfig"; path = "Pods/Target Support Files/Pods-iOSDemoProjectTests/Pods-iOSDemoProjectTests.release.xcconfig"; sourceTree = "<group>"; };
		305BB2C32468EDE5C87E9EC8 /* libPods-iOSDemoProject.a */ = {isa = PBXFileReference; explicitFileType = archive.ar; includeInIndex = 0; path = "libPods-iOSDemoProject.a"; sourceTree = BUILT_PRODUCTS_DIR; };
		7507F21D620F4FD5E0E6AC8A /* Pods-iOSDemoProjectTests.debug.xcconfig */ = {isa = PBXFileReference; includeInIndex = 1; lastKnownFileType = text.xcconfig; name = "Pods-iOSDemoProjectTests.debug.xcconfig"; path = "Pods/Target Support Files/Pods-iOSDemoProjectTests/Pods-iOSDemoProjectTests.debug.xcconfig"; sourceTree = "<group>"; };
		B88B37794760E5D0B73E455F /* libPods-iOSDemoProjectUITests.a */ = {isa = PBXFileReference; explicitFileType = archive.ar; includeInIndex = 0; path = "libPods-iOSDemoProjectUITests.a"; sourceTree = BUILT_PRODUCTS_DIR; };
		C5DDD86AA412B24239C7A3FF /* Pods-iOSDemoProject.debug.xcconfig */ = {isa = PBXFileReference; includeInIndex = 1; lastKnownFileType = text.xcconfig; name = "Pods-iOSDemoProject.debug.xcconfig"; path = "Pods/Target Support Files/Pods-iOSDemoProject/Pods-iOSDemoProject.debug.xcconfig"; sourceTree = "<group>"; };
		D1BE38E09FF40BB24AF9D135 /* Pods-iOSDemoProjectUITests.debug.xcconfig */ = {isa = PBXFileReference; includeInIndex = 1; lastKnownFileType = text.xcconfig; name = "Pods-iOSDemoProjectUITests.debug.xcconfig"; path = "Pods/Target Support Files/Pods-iOSDemoProjectUITests/Pods-iOSDemoProjectUITests.debug.xcconfig"; sourceTree = "<group>"; };
		D30B2BEB205BEB5600B101FC /* constants.h */ = {isa = PBXFileReference; fileEncoding = 4; lastKnownFileType = sourcecode.c.h; path = constants.h; sourceTree = "<group>"; };
		D35079EB2052650F00C7BF73 /* noImage.png */ = {isa = PBXFileReference; lastKnownFileType = image.png; path = noImage.png; sourceTree = "<group>"; };
		D35079ED2052A0F400C7BF73 /* TableViewCell.h */ = {isa = PBXFileReference; fileEncoding = 4; lastKnownFileType = sourcecode.c.h; path = TableViewCell.h; sourceTree = "<group>"; };
		D35079EE2052A0F400C7BF73 /* TableViewCell.m */ = {isa = PBXFileReference; fileEncoding = 4; lastKnownFileType = sourcecode.c.objc; path = TableViewCell.m; sourceTree = "<group>"; };
		D3592C532060EF8100F826C1 /* TestCustomCell.m */ = {isa = PBXFileReference; fileEncoding = 4; lastKnownFileType = sourcecode.c.objc; path = TestCustomCell.m; sourceTree = "<group>"; };
		D3592C5B2061250C00F826C1 /* Reachability.h */ = {isa = PBXFileReference; fileEncoding = 4; lastKnownFileType = sourcecode.c.h; name = Reachability.h; path = ../Reachability.h; sourceTree = "<group>"; };
		D3592C5C2061250C00F826C1 /* Reachability.m */ = {isa = PBXFileReference; fileEncoding = 4; lastKnownFileType = sourcecode.c.objc; name = Reachability.m; path = ../Reachability.m; sourceTree = "<group>"; };
		D3E4F4C7205136C700E403C7 /* iOSDemoProject.app */ = {isa = PBXFileReference; explicitFileType = wrapper.application; includeInIndex = 0; path = iOSDemoProject.app; sourceTree = BUILT_PRODUCTS_DIR; };
		D3E4F4CB205136C700E403C7 /* main.m */ = {isa = PBXFileReference; lastKnownFileType = sourcecode.c.objc; path = main.m; sourceTree = "<group>"; };
		D3E4F4CD205136C700E403C7 /* AppDelegate.h */ = {isa = PBXFileReference; lastKnownFileType = sourcecode.c.h; path = AppDelegate.h; sourceTree = "<group>"; };
		D3E4F4CE205136C700E403C7 /* AppDelegate.m */ = {isa = PBXFileReference; lastKnownFileType = sourcecode.c.objc; path = AppDelegate.m; sourceTree = "<group>"; };
		D3E4F4D0205136C700E403C7 /* ViewController.h */ = {isa = PBXFileReference; lastKnownFileType = sourcecode.c.h; path = ViewController.h; sourceTree = "<group>"; };
		D3E4F4D1205136C700E403C7 /* ViewController.m */ = {isa = PBXFileReference; lastKnownFileType = sourcecode.c.objc; path = ViewController.m; sourceTree = "<group>"; };
		D3E4F4D4205136C700E403C7 /* Base */ = {isa = PBXFileReference; lastKnownFileType = file.storyboard; name = Base; path = Base.lproj/Main.storyboard; sourceTree = "<group>"; };
		D3E4F4D6205136C700E403C7 /* Assets.xcassets */ = {isa = PBXFileReference; lastKnownFileType = folder.assetcatalog; path = Assets.xcassets; sourceTree = "<group>"; };
		D3E4F4D9205136C700E403C7 /* Base */ = {isa = PBXFileReference; lastKnownFileType = file.storyboard; name = Base; path = Base.lproj/LaunchScreen.storyboard; sourceTree = "<group>"; };
		D3E4F4DB205136C700E403C7 /* Info.plist */ = {isa = PBXFileReference; lastKnownFileType = text.plist.xml; path = Info.plist; sourceTree = "<group>"; };
		D3E4F4E0205136C700E403C7 /* iOSDemoProjectTests.xctest */ = {isa = PBXFileReference; explicitFileType = wrapper.cfbundle; includeInIndex = 0; path = iOSDemoProjectTests.xctest; sourceTree = BUILT_PRODUCTS_DIR; };
		D3E4F4E4205136C700E403C7 /* iOSDemoProjectTests.m */ = {isa = PBXFileReference; lastKnownFileType = sourcecode.c.objc; path = iOSDemoProjectTests.m; sourceTree = "<group>"; };
		D3E4F4E6205136C700E403C7 /* Info.plist */ = {isa = PBXFileReference; lastKnownFileType = text.plist.xml; path = Info.plist; sourceTree = "<group>"; };
		D3E4F4EB205136C700E403C7 /* iOSDemoProjectUITests.xctest */ = {isa = PBXFileReference; explicitFileType = wrapper.cfbundle; includeInIndex = 0; path = iOSDemoProjectUITests.xctest; sourceTree = BUILT_PRODUCTS_DIR; };
		D3E4F4EF205136C700E403C7 /* iOSDemoProjectUITests.m */ = {isa = PBXFileReference; lastKnownFileType = sourcecode.c.objc; path = iOSDemoProjectUITests.m; sourceTree = "<group>"; };
		D3E4F4F1205136C700E403C7 /* Info.plist */ = {isa = PBXFileReference; lastKnownFileType = text.plist.xml; path = Info.plist; sourceTree = "<group>"; };
		D3E4F4FD2051654700E403C7 /* jsonData.json */ = {isa = PBXFileReference; fileEncoding = 4; lastKnownFileType = text.json; path = jsonData.json; sourceTree = "<group>"; };
		DEA73DEDB87EB9749AB3CE3C /* Pods-iOSDemoProject.release.xcconfig */ = {isa = PBXFileReference; includeInIndex = 1; lastKnownFileType = text.xcconfig; name = "Pods-iOSDemoProject.release.xcconfig"; path = "Pods/Target Support Files/Pods-iOSDemoProject/Pods-iOSDemoProject.release.xcconfig"; sourceTree = "<group>"; };
		E8C2062A250D0159D5DFD599 /* libPods-iOSDemoProjectTests.a */ = {isa = PBXFileReference; explicitFileType = archive.ar; includeInIndex = 0; path = "libPods-iOSDemoProjectTests.a"; sourceTree = BUILT_PRODUCTS_DIR; };
		F565021ED604F0702A5A27A1 /* Pods-iOSDemoProjectUITests.release.xcconfig */ = {isa = PBXFileReference; includeInIndex = 1; lastKnownFileType = text.xcconfig; name = "Pods-iOSDemoProjectUITests.release.xcconfig"; path = "Pods/Target Support Files/Pods-iOSDemoProjectUITests/Pods-iOSDemoProjectUITests.release.xcconfig"; sourceTree = "<group>"; };
/* End PBXFileReference section */

/* Begin PBXFrameworksBuildPhase section */
		D3E4F4C4205136C600E403C7 /* Frameworks */ = {
			isa = PBXFrameworksBuildPhase;
			buildActionMask = 2147483647;
			files = (
				FB409EA091C7A4D631E82263 /* libPods-iOSDemoProject.a in Frameworks */,
			);
			runOnlyForDeploymentPostprocessing = 0;
		};
		D3E4F4DD205136C700E403C7 /* Frameworks */ = {
			isa = PBXFrameworksBuildPhase;
			buildActionMask = 2147483647;
			files = (
				76E1D7BE8A6B8BEC174F4718 /* libPods-iOSDemoProjectTests.a in Frameworks */,
			);
			runOnlyForDeploymentPostprocessing = 0;
		};
		D3E4F4E8205136C700E403C7 /* Frameworks */ = {
			isa = PBXFrameworksBuildPhase;
			buildActionMask = 2147483647;
			files = (
				46F9D6D6BF0ABAD294BC1305 /* libPods-iOSDemoProjectUITests.a in Frameworks */,
			);
			runOnlyForDeploymentPostprocessing = 0;
		};
/* End PBXFrameworksBuildPhase section */

/* Begin PBXGroup section */
		158A3E179B0CCED9405EB6AB /* Frameworks */ = {
			isa = PBXGroup;
			children = (
				305BB2C32468EDE5C87E9EC8 /* libPods-iOSDemoProject.a */,
				E8C2062A250D0159D5DFD599 /* libPods-iOSDemoProjectTests.a */,
				B88B37794760E5D0B73E455F /* libPods-iOSDemoProjectUITests.a */,
			);
			name = Frameworks;
			sourceTree = "<group>";
		};
		8AD0AE01372CDBC6E638F177 /* Pods */ = {
			isa = PBXGroup;
			children = (
				C5DDD86AA412B24239C7A3FF /* Pods-iOSDemoProject.debug.xcconfig */,
				DEA73DEDB87EB9749AB3CE3C /* Pods-iOSDemoProject.release.xcconfig */,
				7507F21D620F4FD5E0E6AC8A /* Pods-iOSDemoProjectTests.debug.xcconfig */,
				2DDA3754166EEBF8A39CE3F3 /* Pods-iOSDemoProjectTests.release.xcconfig */,
				D1BE38E09FF40BB24AF9D135 /* Pods-iOSDemoProjectUITests.debug.xcconfig */,
				F565021ED604F0702A5A27A1 /* Pods-iOSDemoProjectUITests.release.xcconfig */,
			);
			name = Pods;
			sourceTree = "<group>";
		};
		D3E4F4BE205136C600E403C7 = {
			isa = PBXGroup;
			children = (
				D3E4F4C9205136C700E403C7 /* iOSDemoProject */,
				D3E4F4E3205136C700E403C7 /* iOSDemoProjectTests */,
				D3E4F4EE205136C700E403C7 /* iOSDemoProjectUITests */,
				D3E4F4C8205136C700E403C7 /* Products */,
				8AD0AE01372CDBC6E638F177 /* Pods */,
				158A3E179B0CCED9405EB6AB /* Frameworks */,
			);
			sourceTree = "<group>";
		};
		D3E4F4C8205136C700E403C7 /* Products */ = {
			isa = PBXGroup;
			children = (
				D3E4F4C7205136C700E403C7 /* iOSDemoProject.app */,
				D3E4F4E0205136C700E403C7 /* iOSDemoProjectTests.xctest */,
				D3E4F4EB205136C700E403C7 /* iOSDemoProjectUITests.xctest */,
			);
			name = Products;
			sourceTree = "<group>";
		};
		D3E4F4C9205136C700E403C7 /* iOSDemoProject */ = {
			isa = PBXGroup;
			children = (
				D30B2BEB205BEB5600B101FC /* constants.h */,
				D3592C5C2061250C00F826C1 /* Reachability.m */,
				D3592C5B2061250C00F826C1 /* Reachability.h */,
				D35079EB2052650F00C7BF73 /* noImage.png */,
				D3E4F4CD205136C700E403C7 /* AppDelegate.h */,
				D3E4F4CE205136C700E403C7 /* AppDelegate.m */,
				D3E4F4D0205136C700E403C7 /* ViewController.h */,
				D3E4F4D1205136C700E403C7 /* ViewController.m */,
				D3E4F4D3205136C700E403C7 /* Main.storyboard */,
				D3E4F4D6205136C700E403C7 /* Assets.xcassets */,
				D3E4F4D8205136C700E403C7 /* LaunchScreen.storyboard */,
				D3E4F4DB205136C700E403C7 /* Info.plist */,
				D3E4F4CA205136C700E403C7 /* Supporting Files */,
				D3E4F4FD2051654700E403C7 /* jsonData.json */,
				D35079ED2052A0F400C7BF73 /* TableViewCell.h */,
				D35079EE2052A0F400C7BF73 /* TableViewCell.m */,
			);
			path = iOSDemoProject;
			sourceTree = "<group>";
		};
		D3E4F4CA205136C700E403C7 /* Supporting Files */ = {
			isa = PBXGroup;
			children = (
				D3E4F4CB205136C700E403C7 /* main.m */,
			);
			name = "Supporting Files";
			sourceTree = "<group>";
		};
		D3E4F4E3205136C700E403C7 /* iOSDemoProjectTests */ = {
			isa = PBXGroup;
			children = (
				D3E4F4E4205136C700E403C7 /* iOSDemoProjectTests.m */,
				D3E4F4E6205136C700E403C7 /* Info.plist */,
				D3592C532060EF8100F826C1 /* TestCustomCell.m */,
			);
			path = iOSDemoProjectTests;
			sourceTree = "<group>";
		};
		D3E4F4EE205136C700E403C7 /* iOSDemoProjectUITests */ = {
			isa = PBXGroup;
			children = (
				D3E4F4EF205136C700E403C7 /* iOSDemoProjectUITests.m */,
				D3E4F4F1205136C700E403C7 /* Info.plist */,
			);
			path = iOSDemoProjectUITests;
			sourceTree = "<group>";
		};
/* End PBXGroup section */

/* Begin PBXNativeTarget section */
		D3E4F4C6205136C600E403C7 /* iOSDemoProject */ = {
			isa = PBXNativeTarget;
			buildConfigurationList = D3E4F4F4205136C700E403C7 /* Build configuration list for PBXNativeTarget "iOSDemoProject" */;
			buildPhases = (
				96D52F8D18E90C4C6068B4BE /* [CP] Check Pods Manifest.lock */,
				D3E4F4C3205136C600E403C7 /* Sources */,
				D3E4F4C4205136C600E403C7 /* Frameworks */,
				D3E4F4C5205136C600E403C7 /* Resources */,
				83B36E4E342F36A8B1637C7C /* [CP] Embed Pods Frameworks */,
				05F79FFFC3393398DCC41C92 /* [CP] Copy Pods Resources */,
			);
			buildRules = (
			);
			dependencies = (
			);
			name = iOSDemoProject;
			productName = iOSDemoProject;
			productReference = D3E4F4C7205136C700E403C7 /* iOSDemoProject.app */;
			productType = "com.apple.product-type.application";
		};
		D3E4F4DF205136C700E403C7 /* iOSDemoProjectTests */ = {
			isa = PBXNativeTarget;
			buildConfigurationList = D3E4F4F7205136C700E403C7 /* Build configuration list for PBXNativeTarget "iOSDemoProjectTests" */;
			buildPhases = (
				9C44175A24B057A613167A2D /* [CP] Check Pods Manifest.lock */,
				D3E4F4DC205136C700E403C7 /* Sources */,
				D3E4F4DD205136C700E403C7 /* Frameworks */,
				D3E4F4DE205136C700E403C7 /* Resources */,
				63954B8D0395BE3F65B8BB5E /* [CP] Embed Pods Frameworks */,
				B5A8FD4B2863F55B679D3B11 /* [CP] Copy Pods Resources */,
			);
			buildRules = (
			);
			dependencies = (
				D3E4F4E2205136C700E403C7 /* PBXTargetDependency */,
			);
			name = iOSDemoProjectTests;
			productName = iOSDemoProjectTests;
			productReference = D3E4F4E0205136C700E403C7 /* iOSDemoProjectTests.xctest */;
			productType = "com.apple.product-type.bundle.unit-test";
		};
		D3E4F4EA205136C700E403C7 /* iOSDemoProjectUITests */ = {
			isa = PBXNativeTarget;
			buildConfigurationList = D3E4F4FA205136C700E403C7 /* Build configuration list for PBXNativeTarget "iOSDemoProjectUITests" */;
			buildPhases = (
				5172089E896CA2688CB26AC7 /* [CP] Check Pods Manifest.lock */,
				D3E4F4E7205136C700E403C7 /* Sources */,
				D3E4F4E8205136C700E403C7 /* Frameworks */,
				D3E4F4E9205136C700E403C7 /* Resources */,
				E008F7CB4C665E51F2BC735F /* [CP] Embed Pods Frameworks */,
				EDD6CC4204FE6385319159A0 /* [CP] Copy Pods Resources */,
			);
			buildRules = (
			);
			dependencies = (
				D3E4F4ED205136C700E403C7 /* PBXTargetDependency */,
			);
			name = iOSDemoProjectUITests;
			productName = iOSDemoProjectUITests;
			productReference = D3E4F4EB205136C700E403C7 /* iOSDemoProjectUITests.xctest */;
			productType = "com.apple.product-type.bundle.ui-testing";
		};
/* End PBXNativeTarget section */

/* Begin PBXProject section */
		D3E4F4BF205136C600E403C7 /* Project object */ = {
			isa = PBXProject;
			attributes = {
				LastUpgradeCheck = 0820;
				ORGANIZATIONNAME = infosys;
				TargetAttributes = {
					D3E4F4C6205136C600E403C7 = {
						CreatedOnToolsVersion = 8.2.1;
						ProvisioningStyle = Automatic;
					};
					D3E4F4DF205136C700E403C7 = {
						CreatedOnToolsVersion = 8.2.1;
						ProvisioningStyle = Automatic;
						TestTargetID = D3E4F4C6205136C600E403C7;
					};
					D3E4F4EA205136C700E403C7 = {
						CreatedOnToolsVersion = 8.2.1;
						ProvisioningStyle = Automatic;
						TestTargetID = D3E4F4C6205136C600E403C7;
					};
				};
			};
			buildConfigurationList = D3E4F4C2205136C600E403C7 /* Build configuration list for PBXProject "iOSDemoProject" */;
			compatibilityVersion = "Xcode 3.2";
			developmentRegion = English;
			hasScannedForEncodings = 0;
			knownRegions = (
				en,
				Base,
			);
			mainGroup = D3E4F4BE205136C600E403C7;
			productRefGroup = D3E4F4C8205136C700E403C7 /* Products */;
			projectDirPath = "";
			projectRoot = "";
			targets = (
				D3E4F4C6205136C600E403C7 /* iOSDemoProject */,
				D3E4F4DF205136C700E403C7 /* iOSDemoProjectTests */,
				D3E4F4EA205136C700E403C7 /* iOSDemoProjectUITests */,
			);
		};
/* End PBXProject section */

/* Begin PBXResourcesBuildPhase section */
		D3E4F4C5205136C600E403C7 /* Resources */ = {
			isa = PBXResourcesBuildPhase;
			buildActionMask = 2147483647;
			files = (
				D3E4F4DA205136C700E403C7 /* LaunchScreen.storyboard in Resources */,
				D3E4F4FE2051654700E403C7 /* jsonData.json in Resources */,
				D35079EC2052650F00C7BF73 /* noImage.png in Resources */,
				D3E4F4D7205136C700E403C7 /* Assets.xcassets in Resources */,
				D3E4F4D5205136C700E403C7 /* Main.storyboard in Resources */,
			);
			runOnlyForDeploymentPostprocessing = 0;
		};
		D3E4F4DE205136C700E403C7 /* Resources */ = {
			isa = PBXResourcesBuildPhase;
			buildActionMask = 2147483647;
			files = (
			);
			runOnlyForDeploymentPostprocessing = 0;
		};
		D3E4F4E9205136C700E403C7 /* Resources */ = {
			isa = PBXResourcesBuildPhase;
			buildActionMask = 2147483647;
			files = (
			);
			runOnlyForDeploymentPostprocessing = 0;
		};
/* End PBXResourcesBuildPhase section */

/* Begin PBXShellScriptBuildPhase section */
		05F79FFFC3393398DCC41C92 /* [CP] Copy Pods Resources */ = {
			isa = PBXShellScriptBuildPhase;
			buildActionMask = 2147483647;
			files = (
			);
			inputPaths = (
			);
			name = "[CP] Copy Pods Resources";
			outputPaths = (
			);
			runOnlyForDeploymentPostprocessing = 0;
			shellPath = /bin/sh;
			shellScript = "\"${SRCROOT}/Pods/Target Support Files/Pods-iOSDemoProject/Pods-iOSDemoProject-resources.sh\"\n";
			showEnvVarsInLog = 0;
		};
		5172089E896CA2688CB26AC7 /* [CP] Check Pods Manifest.lock */ = {
			isa = PBXShellScriptBuildPhase;
			buildActionMask = 2147483647;
			files = (
			);
			inputPaths = (
				"${PODS_PODFILE_DIR_PATH}/Podfile.lock",
				"${PODS_ROOT}/Manifest.lock",
			);
			name = "[CP] Check Pods Manifest.lock";
			outputPaths = (
				"$(DERIVED_FILE_DIR)/Pods-iOSDemoProjectUITests-checkManifestLockResult.txt",
			);
			runOnlyForDeploymentPostprocessing = 0;
			shellPath = /bin/sh;
			shellScript = "diff \"${PODS_PODFILE_DIR_PATH}/Podfile.lock\" \"${PODS_ROOT}/Manifest.lock\" > /dev/null\nif [ $? != 0 ] ; then\n    # print error to STDERR\n    echo \"error: The sandbox is not in sync with the Podfile.lock. Run 'pod install' or update your CocoaPods installation.\" >&2\n    exit 1\nfi\n# This output is used by Xcode 'outputs' to avoid re-running this script phase.\necho \"SUCCESS\" > \"${SCRIPT_OUTPUT_FILE_0}\"\n";
			showEnvVarsInLog = 0;
		};
		63954B8D0395BE3F65B8BB5E /* [CP] Embed Pods Frameworks */ = {
			isa = PBXShellScriptBuildPhase;
			buildActionMask = 2147483647;
			files = (
			);
			inputPaths = (
			);
			name = "[CP] Embed Pods Frameworks";
			outputPaths = (
			);
			runOnlyForDeploymentPostprocessing = 0;
			shellPath = /bin/sh;
			shellScript = "\"${SRCROOT}/Pods/Target Support Files/Pods-iOSDemoProjectTests/Pods-iOSDemoProjectTests-frameworks.sh\"\n";
			showEnvVarsInLog = 0;
		};
		83B36E4E342F36A8B1637C7C /* [CP] Embed Pods Frameworks */ = {
			isa = PBXShellScriptBuildPhase;
			buildActionMask = 2147483647;
			files = (
			);
			inputPaths = (
			);
			name = "[CP] Embed Pods Frameworks";
			outputPaths = (
			);
			runOnlyForDeploymentPostprocessing = 0;
			shellPath = /bin/sh;
			shellScript = "\"${SRCROOT}/Pods/Target Support Files/Pods-iOSDemoProject/Pods-iOSDemoProject-frameworks.sh\"\n";
			showEnvVarsInLog = 0;
		};
		96D52F8D18E90C4C6068B4BE /* [CP] Check Pods Manifest.lock */ = {
			isa = PBXShellScriptBuildPhase;
			buildActionMask = 2147483647;
			files = (
			);
			inputPaths = (
				"${PODS_PODFILE_DIR_PATH}/Podfile.lock",
				"${PODS_ROOT}/Manifest.lock",
			);
			name = "[CP] Check Pods Manifest.lock";
			outputPaths = (
				"$(DERIVED_FILE_DIR)/Pods-iOSDemoProject-checkManifestLockResult.txt",
			);
			runOnlyForDeploymentPostprocessing = 0;
			shellPath = /bin/sh;
			shellScript = "diff \"${PODS_PODFILE_DIR_PATH}/Podfile.lock\" \"${PODS_ROOT}/Manifest.lock\" > /dev/null\nif [ $? != 0 ] ; then\n    # print error to STDERR\n    echo \"error: The sandbox is not in sync with the Podfile.lock. Run 'pod install' or update your CocoaPods installation.\" >&2\n    exit 1\nfi\n# This output is used by Xcode 'outputs' to avoid re-running this script phase.\necho \"SUCCESS\" > \"${SCRIPT_OUTPUT_FILE_0}\"\n";
			showEnvVarsInLog = 0;
		};
		9C44175A24B057A613167A2D /* [CP] Check Pods Manifest.lock */ = {
			isa = PBXShellScriptBuildPhase;
			buildActionMask = 2147483647;
			files = (
			);
			inputPaths = (
				"${PODS_PODFILE_DIR_PATH}/Podfile.lock",
				"${PODS_ROOT}/Manifest.lock",
			);
			name = "[CP] Check Pods Manifest.lock";
			outputPaths = (
				"$(DERIVED_FILE_DIR)/Pods-iOSDemoProjectTests-checkManifestLockResult.txt",
			);
			runOnlyForDeploymentPostprocessing = 0;
			shellPath = /bin/sh;
			shellScript = "diff \"${PODS_PODFILE_DIR_PATH}/Podfile.lock\" \"${PODS_ROOT}/Manifest.lock\" > /dev/null\nif [ $? != 0 ] ; then\n    # print error to STDERR\n    echo \"error: The sandbox is not in sync with the Podfile.lock. Run 'pod install' or update your CocoaPods installation.\" >&2\n    exit 1\nfi\n# This output is used by Xcode 'outputs' to avoid re-running this script phase.\necho \"SUCCESS\" > \"${SCRIPT_OUTPUT_FILE_0}\"\n";
			showEnvVarsInLog = 0;
		};
		B5A8FD4B2863F55B679D3B11 /* [CP] Copy Pods Resources */ = {
			isa = PBXShellScriptBuildPhase;
			buildActionMask = 2147483647;
			files = (
			);
			inputPaths = (
			);
			name = "[CP] Copy Pods Resources";
			outputPaths = (
			);
			runOnlyForDeploymentPostprocessing = 0;
			shellPath = /bin/sh;
			shellScript = "\"${SRCROOT}/Pods/Target Support Files/Pods-iOSDemoProjectTests/Pods-iOSDemoProjectTests-resources.sh\"\n";
			showEnvVarsInLog = 0;
		};
		E008F7CB4C665E51F2BC735F /* [CP] Embed Pods Frameworks */ = {
			isa = PBXShellScriptBuildPhase;
			buildActionMask = 2147483647;
			files = (
			);
			inputPaths = (
			);
			name = "[CP] Embed Pods Frameworks";
			outputPaths = (
			);
			runOnlyForDeploymentPostprocessing = 0;
			shellPath = /bin/sh;
			shellScript = "\"${SRCROOT}/Pods/Target Support Files/Pods-iOSDemoProjectUITests/Pods-iOSDemoProjectUITests-frameworks.sh\"\n";
			showEnvVarsInLog = 0;
		};
		EDD6CC4204FE6385319159A0 /* [CP] Copy Pods Resources */ = {
			isa = PBXShellScriptBuildPhase;
			buildActionMask = 2147483647;
			files = (
			);
			inputPaths = (
			);
			name = "[CP] Copy Pods Resources";
			outputPaths = (
			);
			runOnlyForDeploymentPostprocessing = 0;
			shellPath = /bin/sh;
			shellScript = "\"${SRCROOT}/Pods/Target Support Files/Pods-iOSDemoProjectUITests/Pods-iOSDemoProjectUITests-resources.sh\"\n";
			showEnvVarsInLog = 0;
		};
/* End PBXShellScriptBuildPhase section */

/* Begin PBXSourcesBuildPhase section */
		D3E4F4C3205136C600E403C7 /* Sources */ = {
			isa = PBXSourcesBuildPhase;
			buildActionMask = 2147483647;
			files = (
				D3E4F4D2205136C700E403C7 /* ViewController.m in Sources */,
				D35079EF2052A0F400C7BF73 /* TableViewCell.m in Sources */,
				D3E4F4CF205136C700E403C7 /* AppDelegate.m in Sources */,
				D3E4F4CC205136C700E403C7 /* main.m in Sources */,
				D3592C5D2061250C00F826C1 /* Reachability.m in Sources */,
			);
			runOnlyForDeploymentPostprocessing = 0;
		};
		D3E4F4DC205136C700E403C7 /* Sources */ = {
			isa = PBXSourcesBuildPhase;
			buildActionMask = 2147483647;
			files = (
				D3592C542060EF8100F826C1 /* TestCustomCell.m in Sources */,
				D3E4F4E5205136C700E403C7 /* iOSDemoProjectTests.m in Sources */,
			);
			runOnlyForDeploymentPostprocessing = 0;
		};
		D3E4F4E7205136C700E403C7 /* Sources */ = {
			isa = PBXSourcesBuildPhase;
			buildActionMask = 2147483647;
			files = (
				D3E4F4F0205136C700E403C7 /* iOSDemoProjectUITests.m in Sources */,
			);
			runOnlyForDeploymentPostprocessing = 0;
		};
/* End PBXSourcesBuildPhase section */

/* Begin PBXTargetDependency section */
		D3E4F4E2205136C700E403C7 /* PBXTargetDependency */ = {
			isa = PBXTargetDependency;
			target = D3E4F4C6205136C600E403C7 /* iOSDemoProject */;
			targetProxy = D3E4F4E1205136C700E403C7 /* PBXContainerItemProxy */;
		};
		D3E4F4ED205136C700E403C7 /* PBXTargetDependency */ = {
			isa = PBXTargetDependency;
			target = D3E4F4C6205136C600E403C7 /* iOSDemoProject */;
			targetProxy = D3E4F4EC205136C700E403C7 /* PBXContainerItemProxy */;
		};
/* End PBXTargetDependency section */

/* Begin PBXVariantGroup section */
		D3E4F4D3205136C700E403C7 /* Main.storyboard */ = {
			isa = PBXVariantGroup;
			children = (
				D3E4F4D4205136C700E403C7 /* Base */,
			);
			name = Main.storyboard;
			sourceTree = "<group>";
		};
		D3E4F4D8205136C700E403C7 /* LaunchScreen.storyboard */ = {
			isa = PBXVariantGroup;
			children = (
				D3E4F4D9205136C700E403C7 /* Base */,
			);
			name = LaunchScreen.storyboard;
			sourceTree = "<group>";
		};
/* End PBXVariantGroup section */

/* Begin XCBuildConfiguration section */
		D3E4F4F2205136C700E403C7 /* Debug */ = {
			isa = XCBuildConfiguration;
			buildSettings = {
				ALWAYS_SEARCH_USER_PATHS = NO;
				CLANG_ANALYZER_NONNULL = YES;
				CLANG_CXX_LANGUAGE_STANDARD = "gnu++0x";
				CLANG_CXX_LIBRARY = "libc++";
				CLANG_ENABLE_MODULES = YES;
				CLANG_ENABLE_OBJC_ARC = YES;
				CLANG_WARN_BOOL_CONVERSION = YES;
				CLANG_WARN_CONSTANT_CONVERSION = YES;
				CLANG_WARN_DIRECT_OBJC_ISA_USAGE = YES_ERROR;
				CLANG_WARN_DOCUMENTATION_COMMENTS = YES;
				CLANG_WARN_EMPTY_BODY = YES;
				CLANG_WARN_ENUM_CONVERSION = YES;
				CLANG_WARN_INFINITE_RECURSION = YES;
				CLANG_WARN_INT_CONVERSION = YES;
				CLANG_WARN_OBJC_ROOT_CLASS = YES_ERROR;
				CLANG_WARN_SUSPICIOUS_MOVE = YES;
				CLANG_WARN_UNREACHABLE_CODE = YES;
				CLANG_WARN__DUPLICATE_METHOD_MATCH = YES;
				"CODE_SIGN_IDENTITY[sdk=iphoneos*]" = "iPhone Developer";
				COPY_PHASE_STRIP = NO;
				DEBUG_INFORMATION_FORMAT = dwarf;
				ENABLE_STRICT_OBJC_MSGSEND = YES;
				ENABLE_TESTABILITY = YES;
				GCC_C_LANGUAGE_STANDARD = gnu99;
				GCC_DYNAMIC_NO_PIC = NO;
				GCC_NO_COMMON_BLOCKS = YES;
				GCC_OPTIMIZATION_LEVEL = 0;
				GCC_PREPROCESSOR_DEFINITIONS = (
					"DEBUG=1",
					"$(inherited)",
				);
				GCC_WARN_64_TO_32_BIT_CONVERSION = YES;
				GCC_WARN_ABOUT_RETURN_TYPE = YES_ERROR;
				GCC_WARN_UNDECLARED_SELECTOR = YES;
				GCC_WARN_UNINITIALIZED_AUTOS = YES_AGGRESSIVE;
				GCC_WARN_UNUSED_FUNCTION = YES;
				GCC_WARN_UNUSED_VARIABLE = YES;
				IPHONEOS_DEPLOYMENT_TARGET = 10.2;
				MTL_ENABLE_DEBUG_INFO = YES;
				ONLY_ACTIVE_ARCH = YES;
				SDKROOT = iphoneos;
				TARGETED_DEVICE_FAMILY = "1,2";
			};
			name = Debug;
		};
		D3E4F4F3205136C700E403C7 /* Release */ = {
			isa = XCBuildConfiguration;
			buildSettings = {
				ALWAYS_SEARCH_USER_PATHS = NO;
				CLANG_ANALYZER_NONNULL = YES;
				CLANG_CXX_LANGUAGE_STANDARD = "gnu++0x";
				CLANG_CXX_LIBRARY = "libc++";
				CLANG_ENABLE_MODULES = YES;
				CLANG_ENABLE_OBJC_ARC = YES;
				CLANG_WARN_BOOL_CONVERSION = YES;
				CLANG_WARN_CONSTANT_CONVERSION = YES;
				CLANG_WARN_DIRECT_OBJC_ISA_USAGE = YES_ERROR;
				CLANG_WARN_DOCUMENTATION_COMMENTS = YES;
				CLANG_WARN_EMPTY_BODY = YES;
				CLANG_WARN_ENUM_CONVERSION = YES;
				CLANG_WARN_INFINITE_RECURSION = YES;
				CLANG_WARN_INT_CONVERSION = YES;
				CLANG_WARN_OBJC_ROOT_CLASS = YES_ERROR;
				CLANG_WARN_SUSPICIOUS_MOVE = YES;
				CLANG_WARN_UNREACHABLE_CODE = YES;
				CLANG_WARN__DUPLICATE_METHOD_MATCH = YES;
				"CODE_SIGN_IDENTITY[sdk=iphoneos*]" = "iPhone Developer";
				COPY_PHASE_STRIP = NO;
				DEBUG_INFORMATION_FORMAT = "dwarf-with-dsym";
				ENABLE_NS_ASSERTIONS = NO;
				ENABLE_STRICT_OBJC_MSGSEND = YES;
				GCC_C_LANGUAGE_STANDARD = gnu99;
				GCC_NO_COMMON_BLOCKS = YES;
				GCC_WARN_64_TO_32_BIT_CONVERSION = YES;
				GCC_WARN_ABOUT_RETURN_TYPE = YES_ERROR;
				GCC_WARN_UNDECLARED_SELECTOR = YES;
				GCC_WARN_UNINITIALIZED_AUTOS = YES_AGGRESSIVE;
				GCC_WARN_UNUSED_FUNCTION = YES;
				GCC_WARN_UNUSED_VARIABLE = YES;
				IPHONEOS_DEPLOYMENT_TARGET = 10.2;
				MTL_ENABLE_DEBUG_INFO = NO;
				SDKROOT = iphoneos;
				TARGETED_DEVICE_FAMILY = "1,2";
				VALIDATE_PRODUCT = YES;
			};
			name = Release;
		};
		D3E4F4F5205136C700E403C7 /* Debug */ = {
			isa = XCBuildConfiguration;
			baseConfigurationReference = C5DDD86AA412B24239C7A3FF /* Pods-iOSDemoProject.debug.xcconfig */;
			buildSettings = {
				ASSETCATALOG_COMPILER_APPICON_NAME = AppIcon;
				INFOPLIST_FILE = iOSDemoProject/Info.plist;
				LD_RUNPATH_SEARCH_PATHS = "$(inherited) @executable_path/Frameworks";
				PRODUCT_BUNDLE_IDENTIFIER = com.infosys.iOSDemoProject;
				PRODUCT_NAME = "$(TARGET_NAME)";
			};
			name = Debug;
		};
		D3E4F4F6205136C700E403C7 /* Release */ = {
			isa = XCBuildConfiguration;
			baseConfigurationReference = DEA73DEDB87EB9749AB3CE3C /* Pods-iOSDemoProject.release.xcconfig */;
			buildSettings = {
				ASSETCATALOG_COMPILER_APPICON_NAME = AppIcon;
				INFOPLIST_FILE = iOSDemoProject/Info.plist;
				LD_RUNPATH_SEARCH_PATHS = "$(inherited) @executable_path/Frameworks";
				PRODUCT_BUNDLE_IDENTIFIER = com.infosys.iOSDemoProject;
				PRODUCT_NAME = "$(TARGET_NAME)";
			};
			name = Release;
		};
		D3E4F4F8205136C700E403C7 /* Debug */ = {
			isa = XCBuildConfiguration;
			baseConfigurationReference = 7507F21D620F4FD5E0E6AC8A /* Pods-iOSDemoProjectTests.debug.xcconfig */;
			buildSettings = {
				BUNDLE_LOADER = "$(TEST_HOST)";
				INFOPLIST_FILE = iOSDemoProjectTests/Info.plist;
				LD_RUNPATH_SEARCH_PATHS = "$(inherited) @executable_path/Frameworks @loader_path/Frameworks";
				PRODUCT_BUNDLE_IDENTIFIER = com.infosys.iOSDemoProjectTests;
				PRODUCT_NAME = "$(TARGET_NAME)";
				TEST_HOST = "$(BUILT_PRODUCTS_DIR)/iOSDemoProject.app/iOSDemoProject";
			};
			name = Debug;
		};
		D3E4F4F9205136C700E403C7 /* Release */ = {
			isa = XCBuildConfiguration;
			baseConfigurationReference = 2DDA3754166EEBF8A39CE3F3 /* Pods-iOSDemoProjectTests.release.xcconfig */;
			buildSettings = {
				BUNDLE_LOADER = "$(TEST_HOST)";
				INFOPLIST_FILE = iOSDemoProjectTests/Info.plist;
				LD_RUNPATH_SEARCH_PATHS = "$(inherited) @executable_path/Frameworks @loader_path/Frameworks";
				PRODUCT_BUNDLE_IDENTIFIER = com.infosys.iOSDemoProjectTests;
				PRODUCT_NAME = "$(TARGET_NAME)";
				TEST_HOST = "$(BUILT_PRODUCTS_DIR)/iOSDemoProject.app/iOSDemoProject";
			};
			name = Release;
		};
		D3E4F4FB205136C700E403C7 /* Debug */ = {
			isa = XCBuildConfiguration;
			baseConfigurationReference = D1BE38E09FF40BB24AF9D135 /* Pods-iOSDemoProjectUITests.debug.xcconfig */;
			buildSettings = {
				INFOPLIST_FILE = iOSDemoProjectUITests/Info.plist;
				LD_RUNPATH_SEARCH_PATHS = "$(inherited) @executable_path/Frameworks @loader_path/Frameworks";
				PRODUCT_BUNDLE_IDENTIFIER = com.infosys.iOSDemoProjectUITests;
				PRODUCT_NAME = "$(TARGET_NAME)";
				TEST_TARGET_NAME = iOSDemoProject;
			};
			name = Debug;
		};
		D3E4F4FC205136C700E403C7 /* Release */ = {
			isa = XCBuildConfiguration;
			baseConfigurationReference = F565021ED604F0702A5A27A1 /* Pods-iOSDemoProjectUITests.release.xcconfig */;
			buildSettings = {
				INFOPLIST_FILE = iOSDemoProjectUITests/Info.plist;
				LD_RUNPATH_SEARCH_PATHS = "$(inherited) @executable_path/Frameworks @loader_path/Frameworks";
				PRODUCT_BUNDLE_IDENTIFIER = com.infosys.iOSDemoProjectUITests;
				PRODUCT_NAME = "$(TARGET_NAME)";
				TEST_TARGET_NAME = iOSDemoProject;
			};
			name = Release;
		};
/* End XCBuildConfiguration section */

/* Begin XCConfigurationList section */
		D3E4F4C2205136C600E403C7 /* Build configuration list for PBXProject "iOSDemoProject" */ = {
			isa = XCConfigurationList;
			buildConfigurations = (
				D3E4F4F2205136C700E403C7 /* Debug */,
				D3E4F4F3205136C700E403C7 /* Release */,
			);
			defaultConfigurationIsVisible = 0;
			defaultConfigurationName = Release;
		};
		D3E4F4F4205136C700E403C7 /* Build configuration list for PBXNativeTarget "iOSDemoProject" */ = {
			isa = XCConfigurationList;
			buildConfigurations = (
				D3E4F4F5205136C700E403C7 /* Debug */,
				D3E4F4F6205136C700E403C7 /* Release */,
			);
			defaultConfigurationIsVisible = 0;
			defaultConfigurationName = Release;
		};
		D3E4F4F7205136C700E403C7 /* Build configuration list for PBXNativeTarget "iOSDemoProjectTests" */ = {
			isa = XCConfigurationList;
			buildConfigurations = (
				D3E4F4F8205136C700E403C7 /* Debug */,
				D3E4F4F9205136C700E403C7 /* Release */,
			);
			defaultConfigurationIsVisible = 0;
			defaultConfigurationName = Release;
		};
		D3E4F4FA205136C700E403C7 /* Build configuration list for PBXNativeTarget "iOSDemoProjectUITests" */ = {
			isa = XCConfigurationList;
			buildConfigurations = (
				D3E4F4FB205136C700E403C7 /* Debug */,
				D3E4F4FC205136C700E403C7 /* Release */,
			);
			defaultConfigurationIsVisible = 0;
			defaultConfigurationName = Release;
		};
/* End XCConfigurationList section */
	};
	rootObject = D3E4F4BF205136C600E403C7 /* Project object */;
}
